// !$*UTF8*$!
{
	archiveVersion = 1;
	classes = {
	};
	objectVersion = 46;
	objects = {

/* Begin PBXBuildFile section */
		F672B1061A4003060068C39A /* main.m in Sources */ = {isa = PBXBuildFile; fileRef = F672B1051A4003060068C39A /* main.m */; };
		F672B1091A4003060068C39A /* AppDelegate.m in Sources */ = {isa = PBXBuildFile; fileRef = F672B1081A4003060068C39A /* AppDelegate.m */; };
		F672B10C1A4003060068C39A /* ViewController.m in Sources */ = {isa = PBXBuildFile; fileRef = F672B10B1A4003060068C39A /* ViewController.m */; };
		F672B10F1A4003060068C39A /* Main.storyboard in Resources */ = {isa = PBXBuildFile; fileRef = F672B10D1A4003060068C39A /* Main.storyboard */; };
		F672B1111A4003060068C39A /* Images.xcassets in Resources */ = {isa = PBXBuildFile; fileRef = F672B1101A4003060068C39A /* Images.xcassets */; };
		F672B1141A4003060068C39A /* LaunchScreen.xib in Resources */ = {isa = PBXBuildFile; fileRef = F672B1121A4003060068C39A /* LaunchScreen.xib */; };
		F672B1201A4003060068C39A /* HelloPodTestTests.m in Sources */ = {isa = PBXBuildFile; fileRef = F672B11F1A4003060068C39A /* HelloPodTestTests.m */; };
		F6816BA31A41628C00D1ACA4 /* HelloPodTest.podspec in Resources */ = {isa = PBXBuildFile; fileRef = F6816BA21A41628C00D1ACA4 /* HelloPodTest.podspec */; };
/* End PBXBuildFile section */

/* Begin PBXContainerItemProxy section */
		F672B11A1A4003060068C39A /* PBXContainerItemProxy */ = {
			isa = PBXContainerItemProxy;
			containerPortal = F672B0F81A4003060068C39A /* Project object */;
			proxyType = 1;
			remoteGlobalIDString = F672B0FF1A4003060068C39A;
			remoteInfo = HelloPodTest;
		};
/* End PBXContainerItemProxy section */

/* Begin PBXFileReference section */
		F672B1001A4003060068C39A /* HelloPodTest.app */ = {isa = PBXFileReference; explicitFileType = wrapper.application; includeInIndex = 0; path = HelloPodTest.app; sourceTree = BUILT_PRODUCTS_DIR; };
		F672B1041A4003060068C39A /* Info.plist */ = {isa = PBXFileReference; lastKnownFileType = text.plist.xml; path = Info.plist; sourceTree = "<group>"; };
		F672B1051A4003060068C39A /* main.m */ = {isa = PBXFileReference; lastKnownFileType = sourcecode.c.objc; path = main.m; sourceTree = "<group>"; };
		F672B1071A4003060068C39A /* AppDelegate.h */ = {isa = PBXFileReference; lastKnownFileType = sourcecode.c.h; path = AppDelegate.h; sourceTree = "<group>"; };
		F672B1081A4003060068C39A /* AppDelegate.m */ = {isa = PBXFileReference; lastKnownFileType = sourcecode.c.objc; path = AppDelegate.m; sourceTree = "<group>"; };
		F672B10A1A4003060068C39A /* ViewController.h */ = {isa = PBXFileReference; lastKnownFileType = sourcecode.c.h; path = ViewController.h; sourceTree = "<group>"; };
		F672B10B1A4003060068C39A /* ViewController.m */ = {isa = PBXFileReference; lastKnownFileType = sourcecode.c.objc; path = ViewController.m; sourceTree = "<group>"; };
		F672B10E1A4003060068C39A /* Base */ = {isa = PBXFileReference; lastKnownFileType = file.storyboard; name = Base; path = Base.lproj/Main.storyboard; sourceTree = "<group>"; };
		F672B1101A4003060068C39A /* Images.xcassets */ = {isa = PBXFileReference; lastKnownFileType = folder.assetcatalog; path = Images.xcassets; sourceTree = "<group>"; };
		F672B1131A4003060068C39A /* Base */ = {isa = PBXFileReference; lastKnownFileType = file.xib; name = Base; path = Base.lproj/LaunchScreen.xib; sourceTree = "<group>"; };
		F672B1191A4003060068C39A /* HelloPodTestTests.xctest */ = {isa = PBXFileReference; explicitFileType = wrapper.cfbundle; includeInIndex = 0; path = HelloPodTestTests.xctest; sourceTree = BUILT_PRODUCTS_DIR; };
		F672B11E1A4003060068C39A /* Info.plist */ = {isa = PBXFileReference; lastKnownFileType = text.plist.xml; path = Info.plist; sourceTree = "<group>"; };
		F672B11F1A4003060068C39A /* HelloPodTestTests.m */ = {isa = PBXFileReference; lastKnownFileType = sourcecode.c.objc; path = HelloPodTestTests.m; sourceTree = "<group>"; };
		F6816BA21A41628C00D1ACA4 /* HelloPodTest.podspec */ = {isa = PBXFileReference; fileEncoding = 4; lastKnownFileType = text; path = HelloPodTest.podspec; sourceTree = "<group>"; };
/* End PBXFileReference section */

/* Begin PBXFrameworksBuildPhase section */
		F672B0FD1A4003060068C39A /* Frameworks */ = {
			isa = PBXFrameworksBuildPhase;
			buildActionMask = 2147483647;
			files = (
			);
			runOnlyForDeploymentPostprocessing = 0;
		};
		F672B1161A4003060068C39A /* Frameworks */ = {
			isa = PBXFrameworksBuildPhase;
			buildActionMask = 2147483647;
			files = (
			);
			runOnlyForDeploymentPostprocessing = 0;
		};
/* End PBXFrameworksBuildPhase section */

/* Begin PBXGroup section */
		F672B0F71A4003060068C39A = {
			isa = PBXGroup;
			children = (
				F6816BA21A41628C00D1ACA4 /* HelloPodTest.podspec */,
				F672B1021A4003060068C39A /* HelloPodTest */,
				F672B11C1A4003060068C39A /* HelloPodTestTests */,
				F672B1011A4003060068C39A /* Products */,
			);
			sourceTree = "<group>";
		};
		F672B1011A4003060068C39A /* Products */ = {
			isa = PBXGroup;
			children = (
				F672B1001A4003060068C39A /* HelloPodTest.app */,
				F672B1191A4003060068C39A /* HelloPodTestTests.xctest */,
			);
			name = Products;
			sourceTree = "<group>";
		};
		F672B1021A4003060068C39A /* HelloPodTest */ = {
			isa = PBXGroup;
			children = (
				F672B1071A4003060068C39A /* AppDelegate.h */,
				F672B1081A4003060068C39A /* AppDelegate.m */,
				F672B10A1A4003060068C39A /* ViewController.h */,
				F672B10B1A4003060068C39A /* ViewController.m */,
				F672B10D1A4003060068C39A /* Main.storyboard */,
				F672B1101A4003060068C39A /* Images.xcassets */,
				F672B1121A4003060068C39A /* LaunchScreen.xib */,
				F672B1031A4003060068C39A /* Supporting Files */,
			);
			path = HelloPodTest;
			sourceTree = "<group>";
		};
		F672B1031A4003060068C39A /* Supporting Files */ = {
			isa = PBXGroup;
			children = (
				F672B1041A4003060068C39A /* Info.plist */,
				F672B1051A4003060068C39A /* main.m */,
			);
			name = "Supporting Files";
			sourceTree = "<group>";
		};
		F672B11C1A4003060068C39A /* HelloPodTestTests */ = {
			isa = PBXGroup;
			children = (
				F672B11F1A4003060068C39A /* HelloPodTestTests.m */,
				F672B11D1A4003060068C39A /* Supporting Files */,
			);
			path = HelloPodTestTests;
			sourceTree = "<group>";
		};
		F672B11D1A4003060068C39A /* Supporting Files */ = {
			isa = PBXGroup;
			children = (
				F672B11E1A4003060068C39A /* Info.plist */,
			);
			name = "Supporting Files";
			sourceTree = "<group>";
		};
/* End PBXGroup section */

/* Begin PBXNativeTarget section */
		F672B0FF1A4003060068C39A /* HelloPodTest */ = {
			isa = PBXNativeTarget;
			buildConfigurationList = F672B1231A4003060068C39A /* Build configuration list for PBXNativeTarget "HelloPodTest" */;
			buildPhases = (
				F672B0FC1A4003060068C39A /* Sources */,
				F672B0FD1A4003060068C39A /* Frameworks */,
				F672B0FE1A4003060068C39A /* Resources */,
			);
			buildRules = (
			);
			dependencies = (
			);
			name = HelloPodTest;
			productName = HelloPodTest;
			productReference = F672B1001A4003060068C39A /* HelloPodTest.app */;
			productType = "com.apple.product-type.application";
		};
		F672B1181A4003060068C39A /* HelloPodTestTests */ = {
			isa = PBXNativeTarget;
			buildConfigurationList = F672B1261A4003060068C39A /* Build configuration list for PBXNativeTarget "HelloPodTestTests" */;
			buildPhases = (
				F672B1151A4003060068C39A /* Sources */,
				F672B1161A4003060068C39A /* Frameworks */,
				F672B1171A4003060068C39A /* Resources */,
			);
			buildRules = (
			);
			dependencies = (
				F672B11B1A4003060068C39A /* PBXTargetDependency */,
			);
			name = HelloPodTestTests;
			productName = HelloPodTestTests;
			productReference = F672B1191A4003060068C39A /* HelloPodTestTests.xctest */;
			productType = "com.apple.product-type.bundle.unit-test";
		};
/* End PBXNativeTarget section */

/* Begin PBXProject section */
		F672B0F81A4003060068C39A /* Project object */ = {
			isa = PBXProject;
			attributes = {
				LastUpgradeCheck = 0610;
				ORGANIZATIONNAME = tar;
				TargetAttributes = {
					F672B0FF1A4003060068C39A = {
						CreatedOnToolsVersion = 6.1.1;
					};
					F672B1181A4003060068C39A = {
						CreatedOnToolsVersion = 6.1.1;
						TestTargetID = F672B0FF1A4003060068C39A;
					};
				};
			};
			buildConfigurationList = F672B0FB1A4003060068C39A /* Build configuration list for PBXProject "HelloPodTest" */;
			compatibilityVersion = "Xcode 3.2";
			developmentRegion = English;
			hasScannedForEncodings = 0;
			knownRegions = (
				en,
				Base,
			);
			mainGroup = F672B0F71A4003060068C39A;
			productRefGroup = F672B1011A4003060068C39A /* Products */;
			projectDirPath = "";
			projectRoot = "";
			targets = (
				F672B0FF1A4003060068C39A /* HelloPodTest */,
				F672B1181A4003060068C39A /* HelloPodTestTests */,
			);
		};
/* End PBXProject section */

/* Begin PBXResourcesBuildPhase section */
		F672B0FE1A4003060068C39A /* Resources */ = {
			isa = PBXResourcesBuildPhase;
			buildActionMask = 2147483647;
			files = (
				F672B10F1A4003060068C39A /* Main.storyboard in Resources */,
				F672B1141A4003060068C39A /* LaunchScreen.xib in Resources */,
				F672B1111A4003060068C39A /* Images.xcassets in Resources */,
				F6816BA31A41628C00D1ACA4 /* HelloPodTest.podspec in Resources */,
			);
			runOnlyForDeploymentPostprocessing = 0;
		};
		F672B1171A4003060068C39A /* Resources */ = {
			isa = PBXResourcesBuildPhase;
			buildActionMask = 2147483647;
			files = (
			);
			runOnlyForDeploymentPostprocessing = 0;
		};
/* End PBXResourcesBuildPhase section */

/* Begin PBXSourcesBuildPhase section */
		F672B0FC1A4003060068C39A /* Sources */ = {
			isa = PBXSourcesBuildPhase;
			buildActionMask = 2147483647;
			files = (
				F672B10C1A4003060068C39A /* ViewController.m in Sources */,
				F672B1091A4003060068C39A /* AppDelegate.m in Sources */,
				F672B1061A4003060068C39A /* main.m in Sources */,
			);
			runOnlyForDeploymentPostprocessing = 0;
		};
		F672B1151A4003060068C39A /* Sources */ = {
			isa = PBXSourcesBuildPhase;
			buildActionMask = 2147483647;
			files = (
				F672B1201A4003060068C39A /* HelloPodTestTests.m in Sources */,
			);
			runOnlyForDeploymentPostprocessing = 0;
		};
/* End PBXSourcesBuildPhase section */

/* Begin PBXTargetDependency section */
		F672B11B1A4003060068C39A /* PBXTargetDependency */ = {
			isa = PBXTargetDependency;
			target = F672B0FF1A4003060068C39A /* HelloPodTest */;
			targetProxy = F672B11A1A4003060068C39A /* PBXContainerItemProxy */;
		};
/* End PBXTargetDependency section */

/* Begin PBXVariantGroup section */
		F672B10D1A4003060068C39A /* Main.storyboard */ = {
			isa = PBXVariantGroup;
			children = (
				F672B10E1A4003060068C39A /* Base */,
			);
			name = Main.storyboard;
			sourceTree = "<group>";
		};
		F672B1121A4003060068C39A /* LaunchScreen.xib */ = {
			isa = PBXVariantGroup;
			children = (
				F672B1131A4003060068C39A /* Base */,
			);
			name = LaunchScreen.xib;
			sourceTree = "<group>";
		};
/* End PBXVariantGroup section */

/* Begin XCBuildConfiguration section */
		F672B1211A4003060068C39A /* Debug */ = {
			isa = XCBuildConfiguration;
			buildSettings = {
				ALWAYS_SEARCH_USER_PATHS = NO;
				CLANG_CXX_LANGUAGE_STANDARD = "gnu++0x";
				CLANG_CXX_LIBRARY = "libc++";
				CLANG_ENABLE_MODULES = YES;
				CLANG_ENABLE_OBJC_ARC = YES;
				CLANG_WARN_BOOL_CONVERSION = YES;
				CLANG_WARN_CONSTANT_CONVERSION = YES;
				CLANG_WARN_DIRECT_OBJC_ISA_USAGE = YES_ERROR;
				CLANG_WARN_EMPTY_BODY = YES;
				CLANG_WARN_ENUM_CONVERSION = YES;
				CLANG_WARN_INT_CONVERSION = YES;
				CLANG_WARN_OBJC_ROOT_CLASS = YES_ERROR;
				CLANG_WARN_UNREACHABLE_CODE = YES;
				CLANG_WARN__DUPLICATE_METHOD_MATCH = YES;
				"CODE_SIGN_IDENTITY[sdk=iphoneos*]" = "iPhone Developer";
				COPY_PHASE_STRIP = NO;
				ENABLE_STRICT_OBJC_MSGSEND = YES;
				GCC_C_LANGUAGE_STANDARD = gnu99;
				GCC_DYNAMIC_NO_PIC = NO;
				GCC_OPTIMIZATION_LEVEL = 0;
				GCC_PREPROCESSOR_DEFINITIONS = (
					"DEBUG=1",
					"$(inherited)",
				);
				GCC_SYMBOLS_PRIVATE_EXTERN = NO;
				GCC_WARN_64_TO_32_BIT_CONVERSION = YES;
				GCC_WARN_ABOUT_RETURN_TYPE = YES_ERROR;
				GCC_WARN_UNDECLARED_SELECTOR = YES;
				GCC_WARN_UNINITIALIZED_AUTOS = YES_AGGRESSIVE;
				GCC_WARN_UNUSED_FUNCTION = YES;
				GCC_WARN_UNUSED_VARIABLE = YES;
				IPHONEOS_DEPLOYMENT_TARGET = 8.1;
				MTL_ENABLE_DEBUG_INFO = YES;
				ONLY_ACTIVE_ARCH = YES;
				SDKROOT = iphoneos;
			};
			name = Debug;
		};
		F672B1221A4003060068C39A /* Release */ = {
			isa = XCBuildConfiguration;
			buildSettings = {
				ALWAYS_SEARCH_USER_PATHS = NO;
				CLANG_CXX_LANGUAGE_STANDARD = "gnu++0x";
				CLANG_CXX_LIBRARY = "libc++";
				CLANG_ENABLE_MODULES = YES;
				CLANG_ENABLE_OBJC_ARC = YES;
				CLANG_WARN_BOOL_CONVERSION = YES;
				CLANG_WARN_CONSTANT_CONVERSION = YES;
				CLANG_WARN_DIRECT_OBJC_ISA_USAGE = YES_ERROR;
				CLANG_WARN_EMPTY_BODY = YES;
				CLANG_WARN_ENUM_CONVERSION = YES;
				CLANG_WARN_INT_CONVERSION = YES;
				CLANG_WARN_OBJC_ROOT_CLASS = YES_ERROR;
				CLANG_WARN_UNREACHABLE_CODE = YES;
				CLANG_WARN__DUPLICATE_METHOD_MATCH = YES;
				"CODE_SIGN_IDENTITY[sdk=iphoneos*]" = "iPhone Developer";
				COPY_PHASE_STRIP = YES;
				ENABLE_NS_ASSERTIONS = NO;
				ENABLE_STRICT_OBJC_MSGSEND = YES;
				GCC_C_LANGUAGE_STANDARD = gnu99;
				GCC_WARN_64_TO_32_BIT_CONVERSION = YES;
				GCC_WARN_ABOUT_RETURN_TYPE = YES_ERROR;
				GCC_WARN_UNDECLARED_SELECTOR = YES;
				GCC_WARN_UNINITIALIZED_AUTOS = YES_AGGRESSIVE;
				GCC_WARN_UNUSED_FUNCTION = YES;
				GCC_WARN_UNUSED_VARIABLE = YES;
				IPHONEOS_DEPLOYMENT_TARGET = 8.1;
				MTL_ENABLE_DEBUG_INFO = NO;
				SDKROOT = iphoneos;
				VALIDATE_PRODUCT = YES;
			};
			name = Release;
		};
		F672B1241A4003060068C39A /* Debug */ = {
			isa = XCBuildConfiguration;
			buildSettings = {
				ASSETCATALOG_COMPILER_APPICON_NAME = AppIcon;
				INFOPLIST_FILE = HelloPodTest/Info.plist;
				LD_RUNPATH_SEARCH_PATHS = "$(inherited) @executable_path/Frameworks";
				PRODUCT_NAME = "$(TARGET_NAME)";
			};
			name = Debug;
		};
		F672B1251A4003060068C39A /* Release */ = {
			isa = XCBuildConfiguration;
			buildSettings = {
				ASSETCATALOG_COMPILER_APPICON_NAME = AppIcon;
				INFOPLIST_FILE = HelloPodTest/Info.plist;
				LD_RUNPATH_SEARCH_PATHS = "$(inherited) @executable_path/Frameworks";
				PRODUCT_NAME = "$(TARGET_NAME)";
			};
			name = Release;
		};
		F672B1271A4003060068C39A /* Debug */ = {
			isa = XCBuildConfiguration;
			buildSettings = {
				BUNDLE_LOADER = "$(TEST_HOST)";
				FRAMEWORK_SEARCH_PATHS = (
					"$(SDKROOT)/Developer/Library/Frameworks",
					"$(inherited)",
				);
				GCC_PREPROCESSOR_DEFINITIONS = (
					"DEBUG=1",
					"$(inherited)",
				);
				INFOPLIST_FILE = HelloPodTestTests/Info.plist;
				LD_RUNPATH_SEARCH_PATHS = "$(inherited) @executable_path/Frameworks @loader_path/Frameworks";
				PRODUCT_NAME = "$(TARGET_NAME)";
				TEST_HOST = "$(BUILT_PRODUCTS_DIR)/HelloPodTest.app/HelloPodTest";
			};
			name = Debug;
		};
		F672B1281A4003060068C39A /* Release */ = {
			isa = XCBuildConfiguration;
			buildSettings = {
				BUNDLE_LOADER = "$(TEST_HOST)";
				FRAMEWORK_SEARCH_PATHS = (
					"$(SDKROOT)/Developer/Library/Frameworks",
					"$(inherited)",
				);
				INFOPLIST_FILE = HelloPodTestTests/Info.plist;
				LD_RUNPATH_SEARCH_PATHS = "$(inherited) @executable_path/Frameworks @loader_path/Frameworks";
				PRODUCT_NAME = "$(TARGET_NAME)";
				TEST_HOST = "$(BUILT_PRODUCTS_DIR)/HelloPodTest.app/HelloPodTest";
			};
			name = Release;
		};
/* End XCBuildConfiguration section */

/* Begin XCConfigurationList section */
		F672B0FB1A4003060068C39A /* Build configuration list for PBXProject "HelloPodTest" */ = {
			isa = XCConfigurationList;
			buildConfigurations = (
				F672B1211A4003060068C39A /* Debug */,
				F672B1221A4003060068C39A /* Release */,
			);
			defaultConfigurationIsVisible = 0;
			defaultConfigurationName = Release;
		};
		F672B1231A4003060068C39A /* Build configuration list for PBXNativeTarget "HelloPodTest" */ = {
			isa = XCConfigurationList;
			buildConfigurations = (
				F672B1241A4003060068C39A /* Debug */,
				F672B1251A4003060068C39A /* Release */,
			);
			defaultConfigurationIsVisible = 0;
			defaultConfigurationName = Release;
		};
		F672B1261A4003060068C39A /* Build configuration list for PBXNativeTarget "HelloPodTestTests" */ = {
			isa = XCConfigurationList;
			buildConfigurations = (
				F672B1271A4003060068C39A /* Debug */,
				F672B1281A4003060068C39A /* Release */,
			);
			defaultConfigurationIsVisible = 0;
			defaultConfigurationName = Release;
		};
/* End XCConfigurationList section */
	};
	rootObject = F672B0F81A4003060068C39A /* Project object */;
}
